
Microsoft Visual Studio Solution File, Format Version 12.00
# Visual Studio 15
VisualStudioVersion = 15.0.33919.361
MinimumVisualStudioVersion = 10.0.40219.1
Project("{FAE04EC0-301F-11D3-BF4B-00C04F79EFBC}") = "WpfApp1", "WpfApp1\WpfApp1.csproj", "{B6149CD0-1EFC-40BF-AB4A-30F73DE3384D}"
EndProject
Global
	GlobalSection(SolutionConfigurationPlatforms) = preSolution
		Debug|Any CPU = Debug|Any CPU
		Release|Any CPU = Release|Any CPU
	EndGlobalSection
	GlobalSection(ProjectConfigurationPlatforms) = postSolution
		{B6149CD0-1EFC-40BF-AB4A-30F73DE3384D}.Debug|Any CPU.ActiveCfg = Debug|Any CPU
		{B6149CD0-1EFC-40BF-AB4A-30F73DE3384D}.Debug|Any CPU.Build.0 = Debug|Any CPU
		{B6149CD0-1EFC-40BF-AB4A-30F73DE3384D}.Release|Any CPU.ActiveCfg = Release|Any CPU
		{B6149CD0-1EFC-40BF-AB4A-30F73DE3384D}.Release|Any CPU.Build.0 = Release|Any CPU
	EndGlobalSection
	GlobalSection(SolutionProperties) = preSolution
		HideSolutionNode = FALSE
	EndGlobalSection
	GlobalSection(ExtensibilityGlobals) = postSolution
		SolutionGuid = {9CBF1E3C-7D42-405A-A27F-D041F4D0C86C}
	EndGlobalSection
EndGlobal
