
Microsoft Visual Studio Solution File, Format Version 12.00
# Visual Studio 15
VisualStudioVersion = 15.0.33919.361
MinimumVisualStudioVersion = 10.0.40219.1
Project("{FAE04EC0-301F-11D3-BF4B-00C04F79EFBC}") = "ConsoleApp1", "ConsoleApp1\ConsoleApp1.csproj", "{2D2EE42D-5992-479A-B6DE-988F7FAB5A05}"
EndProject
Global
	GlobalSection(SolutionConfigurationPlatforms) = preSolution
		Debug|Any CPU = Debug|Any CPU
		Release|Any CPU = Release|Any CPU
	EndGlobalSection
	GlobalSection(ProjectConfigurationPlatforms) = postSolution
		{2D2EE42D-5992-479A-B6DE-988F7FAB5A05}.Debug|Any CPU.ActiveCfg = Debug|Any CPU
		{2D2EE42D-5992-479A-B6DE-988F7FAB5A05}.Debug|Any CPU.Build.0 = Debug|Any CPU
		{2D2EE42D-5992-479A-B6DE-988F7FAB5A05}.Release|Any CPU.ActiveCfg = Release|Any CPU
		{2D2EE42D-5992-479A-B6DE-988F7FAB5A05}.Release|Any CPU.Build.0 = Release|Any CPU
	EndGlobalSection
	GlobalSection(SolutionProperties) = preSolution
		HideSolutionNode = FALSE
	EndGlobalSection
	GlobalSection(ExtensibilityGlobals) = postSolution
		SolutionGuid = {BB02C3A4-512B-4996-B0C7-616A90F33B8A}
	EndGlobalSection
EndGlobal
