
Microsoft Visual Studio Solution File, Format Version 12.00
# Visual Studio Version 17
VisualStudioVersion = 17.8.34309.116
MinimumVisualStudioVersion = 10.0.40219.1
Project("{FAE04EC0-301F-11D3-BF4B-00C04F79EFBC}") = "ConsoleApp1", "ConsoleApp1\ConsoleApp1.csproj", "{6CACB72C-CDB6-4F47-8279-67C37DBF7FDB}"
EndProject
Project("{FAE04EC0-301F-11D3-BF4B-00C04F79EFBC}") = "VehicleLibrary", "VehicleLibrary\VehicleLibrary.csproj", "{068880FE-DD7D-4B2C-BC7A-391299E1BD5D}"
EndProject
Global
	GlobalSection(SolutionConfigurationPlatforms) = preSolution
		Debug|Any CPU = Debug|Any CPU
		Release|Any CPU = Release|Any CPU
	EndGlobalSection
	GlobalSection(ProjectConfigurationPlatforms) = postSolution
		{6CACB72C-CDB6-4F47-8279-67C37DBF7FDB}.Debug|Any CPU.ActiveCfg = Debug|Any CPU
		{6CACB72C-CDB6-4F47-8279-67C37DBF7FDB}.Debug|Any CPU.Build.0 = Debug|Any CPU
		{6CACB72C-CDB6-4F47-8279-67C37DBF7FDB}.Release|Any CPU.ActiveCfg = Release|Any CPU
		{6CACB72C-CDB6-4F47-8279-67C37DBF7FDB}.Release|Any CPU.Build.0 = Release|Any CPU
		{068880FE-DD7D-4B2C-BC7A-391299E1BD5D}.Debug|Any CPU.ActiveCfg = Debug|Any CPU
		{068880FE-DD7D-4B2C-BC7A-391299E1BD5D}.Debug|Any CPU.Build.0 = Debug|Any CPU
		{068880FE-DD7D-4B2C-BC7A-391299E1BD5D}.Release|Any CPU.ActiveCfg = Release|Any CPU
		{068880FE-DD7D-4B2C-BC7A-391299E1BD5D}.Release|Any CPU.Build.0 = Release|Any CPU
	EndGlobalSection
	GlobalSection(SolutionProperties) = preSolution
		HideSolutionNode = FALSE
	EndGlobalSection
	GlobalSection(ExtensibilityGlobals) = postSolution
		SolutionGuid = {742494F7-01D8-4AB4-BE6F-9B43BA054D8F}
	EndGlobalSection
EndGlobal
