
Microsoft Visual Studio Solution File, Format Version 12.00
# Visual Studio 15
VisualStudioVersion = 15.0.33919.361
MinimumVisualStudioVersion = 10.0.40219.1
Project("{FAE04EC0-301F-11D3-BF4B-00C04F79EFBC}") = "OOPLab1", "OOPLab1\OOPLab1.csproj", "{1EF52E73-F051-44FF-8F29-416B73278823}"
EndProject
Project("{FAE04EC0-301F-11D3-BF4B-00C04F79EFBC}") = "WindowsFormsApp1", "WindowsFormsApp1\WindowsFormsApp1.csproj", "{4DED864E-A632-4AA9-BE0D-93B9DCC66B65}"
EndProject
Project("{FAE04EC0-301F-11D3-BF4B-00C04F79EFBC}") = "WpfApp1", "WpfApp1\WpfApp1.csproj", "{B2C14DF4-A4A9-44C2-8251-DBA1B5DDEAEA}"
EndProject
Global
	GlobalSection(SolutionConfigurationPlatforms) = preSolution
		Debug|Any CPU = Debug|Any CPU
		Release|Any CPU = Release|Any CPU
	EndGlobalSection
	GlobalSection(ProjectConfigurationPlatforms) = postSolution
		{1EF52E73-F051-44FF-8F29-416B73278823}.Debug|Any CPU.ActiveCfg = Debug|Any CPU
		{1EF52E73-F051-44FF-8F29-416B73278823}.Debug|Any CPU.Build.0 = Debug|Any CPU
		{1EF52E73-F051-44FF-8F29-416B73278823}.Release|Any CPU.ActiveCfg = Release|Any CPU
		{1EF52E73-F051-44FF-8F29-416B73278823}.Release|Any CPU.Build.0 = Release|Any CPU
		{4DED864E-A632-4AA9-BE0D-93B9DCC66B65}.Debug|Any CPU.ActiveCfg = Debug|Any CPU
		{4DED864E-A632-4AA9-BE0D-93B9DCC66B65}.Debug|Any CPU.Build.0 = Debug|Any CPU
		{4DED864E-A632-4AA9-BE0D-93B9DCC66B65}.Release|Any CPU.ActiveCfg = Release|Any CPU
		{4DED864E-A632-4AA9-BE0D-93B9DCC66B65}.Release|Any CPU.Build.0 = Release|Any CPU
		{B2C14DF4-A4A9-44C2-8251-DBA1B5DDEAEA}.Debug|Any CPU.ActiveCfg = Debug|Any CPU
		{B2C14DF4-A4A9-44C2-8251-DBA1B5DDEAEA}.Debug|Any CPU.Build.0 = Debug|Any CPU
		{B2C14DF4-A4A9-44C2-8251-DBA1B5DDEAEA}.Release|Any CPU.ActiveCfg = Release|Any CPU
		{B2C14DF4-A4A9-44C2-8251-DBA1B5DDEAEA}.Release|Any CPU.Build.0 = Release|Any CPU
	EndGlobalSection
	GlobalSection(SolutionProperties) = preSolution
		HideSolutionNode = FALSE
	EndGlobalSection
	GlobalSection(ExtensibilityGlobals) = postSolution
		SolutionGuid = {BB38F756-5377-4201-978F-CD0C180B7445}
	EndGlobalSection
EndGlobal
